
Microsoft Visual Studio Solution File, Format Version 12.00
# Visual Studio Version 17
VisualStudioVersion = 17.8.34511.84
MinimumVisualStudioVersion = 10.0.40219.1
Project("{FAE04EC0-301F-11D3-BF4B-00C04F79EFBC}") = "FastFoodSystem", "FastFoodSystem\FastFoodSystem.csproj", "{AE4CE639-ABEC-47FB-8523-FC4DC9193186}"
EndProject
Global
	GlobalSection(SolutionConfigurationPlatforms) = preSolution
		Debug|Any CPU = Debug|Any CPU
		Release|Any CPU = Release|Any CPU
	EndGlobalSection
	GlobalSection(ProjectConfigurationPlatforms) = postSolution
		{AE4CE639-ABEC-47FB-8523-FC4DC9193186}.Debug|Any CPU.ActiveCfg = Debug|Any CPU
		{AE4CE639-ABEC-47FB-8523-FC4DC9193186}.Debug|Any CPU.Build.0 = Debug|Any CPU
		{AE4CE639-ABEC-47FB-8523-FC4DC9193186}.Release|Any CPU.ActiveCfg = Release|Any CPU
		{AE4CE639-ABEC-47FB-8523-FC4DC9193186}.Release|Any CPU.Build.0 = Release|Any CPU
	EndGlobalSection
	GlobalSection(SolutionProperties) = preSolution
		HideSolutionNode = FALSE
	EndGlobalSection
	GlobalSection(ExtensibilityGlobals) = postSolution
		SolutionGuid = {2422C4CB-B649-4A8B-B531-F00E299DB459}
	EndGlobalSection
EndGlobal
